// !$*UTF8*$!
{
	archiveVersion = 1;
	classes = {
	};
	objectVersion = 56;
	objects = {

/* Begin PBXBuildFile section */
		6FABCD3829AD2087005B7471 /* AppDelegate.swift in Sources */ = {isa = PBXBuildFile; fileRef = 6FABCD3729AD2087005B7471 /* AppDelegate.swift */; };
		6FABCD3A29AD2087005B7471 /* SceneDelegate.swift in Sources */ = {isa = PBXBuildFile; fileRef = 6FABCD3929AD2087005B7471 /* SceneDelegate.swift */; };
		6FABCD3C29AD2087005B7471 /* ViewController.swift in Sources */ = {isa = PBXBuildFile; fileRef = 6FABCD3B29AD2087005B7471 /* ViewController.swift */; };
		6FABCD3F29AD2087005B7471 /* Main.storyboard in Resources */ = {isa = PBXBuildFile; fileRef = 6FABCD3D29AD2087005B7471 /* Main.storyboard */; };
		6FABCD4129AD208B005B7471 /* Assets.xcassets in Resources */ = {isa = PBXBuildFile; fileRef = 6FABCD4029AD208B005B7471 /* Assets.xcassets */; };
		6FABCD4429AD208B005B7471 /* LaunchScreen.storyboard in Resources */ = {isa = PBXBuildFile; fileRef = 6FABCD4229AD208B005B7471 /* LaunchScreen.storyboard */; };
		6FABCD4F29AD208C005B7471 /* LoginTests.swift in Sources */ = {isa = PBXBuildFile; fileRef = 6FABCD4E29AD208C005B7471 /* LoginTests.swift */; };
		6FABCD5929AD208D005B7471 /* LoginUITests.swift in Sources */ = {isa = PBXBuildFile; fileRef = 6FABCD5829AD208D005B7471 /* LoginUITests.swift */; };
		6FABCD5B29AD208D005B7471 /* LoginUITestsLaunchTests.swift in Sources */ = {isa = PBXBuildFile; fileRef = 6FABCD5A29AD208D005B7471 /* LoginUITestsLaunchTests.swift */; };
/* End PBXBuildFile section */

/* Begin PBXContainerItemProxy section */
		6FABCD4B29AD208C005B7471 /* PBXContainerItemProxy */ = {
			isa = PBXContainerItemProxy;
			containerPortal = 6FABCD2C29AD2087005B7471 /* Project object */;
			proxyType = 1;
			remoteGlobalIDString = 6FABCD3329AD2087005B7471;
			remoteInfo = Login;
		};
		6FABCD5529AD208D005B7471 /* PBXContainerItemProxy */ = {
			isa = PBXContainerItemProxy;
			containerPortal = 6FABCD2C29AD2087005B7471 /* Project object */;
			proxyType = 1;
			remoteGlobalIDString = 6FABCD3329AD2087005B7471;
			remoteInfo = Login;
		};
/* End PBXContainerItemProxy section */

/* Begin PBXFileReference section */
		6FABCD3429AD2087005B7471 /* Login.app */ = {isa = PBXFileReference; explicitFileType = wrapper.application; includeInIndex = 0; path = Login.app; sourceTree = BUILT_PRODUCTS_DIR; };
		6FABCD3729AD2087005B7471 /* AppDelegate.swift */ = {isa = PBXFileReference; lastKnownFileType = sourcecode.swift; path = AppDelegate.swift; sourceTree = "<group>"; };
		6FABCD3929AD2087005B7471 /* SceneDelegate.swift */ = {isa = PBXFileReference; lastKnownFileType = sourcecode.swift; path = SceneDelegate.swift; sourceTree = "<group>"; };
		6FABCD3B29AD2087005B7471 /* ViewController.swift */ = {isa = PBXFileReference; lastKnownFileType = sourcecode.swift; path = ViewController.swift; sourceTree = "<group>"; };
		6FABCD3E29AD2087005B7471 /* Base */ = {isa = PBXFileReference; lastKnownFileType = file.storyboard; name = Base; path = Base.lproj/Main.storyboard; sourceTree = "<group>"; };
		6FABCD4029AD208B005B7471 /* Assets.xcassets */ = {isa = PBXFileReference; lastKnownFileType = folder.assetcatalog; path = Assets.xcassets; sourceTree = "<group>"; };
		6FABCD4329AD208B005B7471 /* Base */ = {isa = PBXFileReference; lastKnownFileType = file.storyboard; name = Base; path = Base.lproj/LaunchScreen.storyboard; sourceTree = "<group>"; };
		6FABCD4529AD208B005B7471 /* Info.plist */ = {isa = PBXFileReference; lastKnownFileType = text.plist.xml; path = Info.plist; sourceTree = "<group>"; };
		6FABCD4A29AD208C005B7471 /* LoginTests.xctest */ = {isa = PBXFileReference; explicitFileType = wrapper.cfbundle; includeInIndex = 0; path = LoginTests.xctest; sourceTree = BUILT_PRODUCTS_DIR; };
		6FABCD4E29AD208C005B7471 /* LoginTests.swift */ = {isa = PBXFileReference; lastKnownFileType = sourcecode.swift; path = LoginTests.swift; sourceTree = "<group>"; };
		6FABCD5429AD208D005B7471 /* LoginUITests.xctest */ = {isa = PBXFileReference; explicitFileType = wrapper.cfbundle; includeInIndex = 0; path = LoginUITests.xctest; sourceTree = BUILT_PRODUCTS_DIR; };
		6FABCD5829AD208D005B7471 /* LoginUITests.swift */ = {isa = PBXFileReference; lastKnownFileType = sourcecode.swift; path = LoginUITests.swift; sourceTree = "<group>"; };
		6FABCD5A29AD208D005B7471 /* LoginUITestsLaunchTests.swift */ = {isa = PBXFileReference; lastKnownFileType = sourcecode.swift; path = LoginUITestsLaunchTests.swift; sourceTree = "<group>"; };
/* End PBXFileReference section */

/* Begin PBXFrameworksBuildPhase section */
		6FABCD3129AD2087005B7471 /* Frameworks */ = {
			isa = PBXFrameworksBuildPhase;
			buildActionMask = 2147483647;
			files = (
			);
			runOnlyForDeploymentPostprocessing = 0;
		};
		6FABCD4729AD208C005B7471 /* Frameworks */ = {
			isa = PBXFrameworksBuildPhase;
			buildActionMask = 2147483647;
			files = (
			);
			runOnlyForDeploymentPostprocessing = 0;
		};
		6FABCD5129AD208D005B7471 /* Frameworks */ = {
			isa = PBXFrameworksBuildPhase;
			buildActionMask = 2147483647;
			files = (
			);
			runOnlyForDeploymentPostprocessing = 0;
		};
/* End PBXFrameworksBuildPhase section */

/* Begin PBXGroup section */
		6FABCD2B29AD2087005B7471 = {
			isa = PBXGroup;
			children = (
				6FABCD3629AD2087005B7471 /* Login */,
				6FABCD4D29AD208C005B7471 /* LoginTests */,
				6FABCD5729AD208D005B7471 /* LoginUITests */,
				6FABCD3529AD2087005B7471 /* Products */,
			);
			sourceTree = "<group>";
		};
		6FABCD3529AD2087005B7471 /* Products */ = {
			isa = PBXGroup;
			children = (
				6FABCD3429AD2087005B7471 /* Login.app */,
				6FABCD4A29AD208C005B7471 /* LoginTests.xctest */,
				6FABCD5429AD208D005B7471 /* LoginUITests.xctest */,
			);
			name = Products;
			sourceTree = "<group>";
		};
		6FABCD3629AD2087005B7471 /* Login */ = {
			isa = PBXGroup;
			children = (
				6FABCD3729AD2087005B7471 /* AppDelegate.swift */,
				6FABCD3929AD2087005B7471 /* SceneDelegate.swift */,
				6FABCD3B29AD2087005B7471 /* ViewController.swift */,
				6FABCD3D29AD2087005B7471 /* Main.storyboard */,
				6FABCD4029AD208B005B7471 /* Assets.xcassets */,
				6FABCD4229AD208B005B7471 /* LaunchScreen.storyboard */,
				6FABCD4529AD208B005B7471 /* Info.plist */,
			);
			path = Login;
			sourceTree = "<group>";
		};
		6FABCD4D29AD208C005B7471 /* LoginTests */ = {
			isa = PBXGroup;
			children = (
				6FABCD4E29AD208C005B7471 /* LoginTests.swift */,
			);
			path = LoginTests;
			sourceTree = "<group>";
		};
		6FABCD5729AD208D005B7471 /* LoginUITests */ = {
			isa = PBXGroup;
			children = (
				6FABCD5829AD208D005B7471 /* LoginUITests.swift */,
				6FABCD5A29AD208D005B7471 /* LoginUITestsLaunchTests.swift */,
			);
			path = LoginUITests;
			sourceTree = "<group>";
		};
/* End PBXGroup section */

/* Begin PBXNativeTarget section */
		6FABCD3329AD2087005B7471 /* Login */ = {
			isa = PBXNativeTarget;
			buildConfigurationList = 6FABCD5E29AD208D005B7471 /* Build configuration list for PBXNativeTarget "Login" */;
			buildPhases = (
				6FABCD3029AD2087005B7471 /* Sources */,
				6FABCD3129AD2087005B7471 /* Frameworks */,
				6FABCD3229AD2087005B7471 /* Resources */,
			);
			buildRules = (
			);
			dependencies = (
			);
			name = Login;
			productName = Login;
			productReference = 6FABCD3429AD2087005B7471 /* Login.app */;
			productType = "com.apple.product-type.application";
		};
		6FABCD4929AD208C005B7471 /* LoginTests */ = {
			isa = PBXNativeTarget;
			buildConfigurationList = 6FABCD6129AD208D005B7471 /* Build configuration list for PBXNativeTarget "LoginTests" */;
			buildPhases = (
				6FABCD4629AD208C005B7471 /* Sources */,
				6FABCD4729AD208C005B7471 /* Frameworks */,
				6FABCD4829AD208C005B7471 /* Resources */,
			);
			buildRules = (
			);
			dependencies = (
				6FABCD4C29AD208C005B7471 /* PBXTargetDependency */,
			);
			name = LoginTests;
			productName = LoginTests;
			productReference = 6FABCD4A29AD208C005B7471 /* LoginTests.xctest */;
			productType = "com.apple.product-type.bundle.unit-test";
		};
		6FABCD5329AD208D005B7471 /* LoginUITests */ = {
			isa = PBXNativeTarget;
			buildConfigurationList = 6FABCD6429AD208D005B7471 /* Build configuration list for PBXNativeTarget "LoginUITests" */;
			buildPhases = (
				6FABCD5029AD208D005B7471 /* Sources */,
				6FABCD5129AD208D005B7471 /* Frameworks */,
				6FABCD5229AD208D005B7471 /* Resources */,
			);
			buildRules = (
			);
			dependencies = (
				6FABCD5629AD208D005B7471 /* PBXTargetDependency */,
			);
			name = LoginUITests;
			productName = LoginUITests;
			productReference = 6FABCD5429AD208D005B7471 /* LoginUITests.xctest */;
			productType = "com.apple.product-type.bundle.ui-testing";
		};
/* End PBXNativeTarget section */

/* Begin PBXProject section */
		6FABCD2C29AD2087005B7471 /* Project object */ = {
			isa = PBXProject;
			attributes = {
				BuildIndependentTargetsInParallel = 1;
				LastSwiftUpdateCheck = 1420;
				LastUpgradeCheck = 1420;
				TargetAttributes = {
					6FABCD3329AD2087005B7471 = {
						CreatedOnToolsVersion = 14.2;
					};
					6FABCD4929AD208C005B7471 = {
						CreatedOnToolsVersion = 14.2;
						TestTargetID = 6FABCD3329AD2087005B7471;
					};
					6FABCD5329AD208D005B7471 = {
						CreatedOnToolsVersion = 14.2;
						TestTargetID = 6FABCD3329AD2087005B7471;
					};
				};
			};
			buildConfigurationList = 6FABCD2F29AD2087005B7471 /* Build configuration list for PBXProject "Login" */;
			compatibilityVersion = "Xcode 14.0";
			developmentRegion = en;
			hasScannedForEncodings = 0;
			knownRegions = (
				en,
				Base,
			);
			mainGroup = 6FABCD2B29AD2087005B7471;
			productRefGroup = 6FABCD3529AD2087005B7471 /* Products */;
			projectDirPath = "";
			projectRoot = "";
			targets = (
				6FABCD3329AD2087005B7471 /* Login */,
				6FABCD4929AD208C005B7471 /* LoginTests */,
				6FABCD5329AD208D005B7471 /* LoginUITests */,
			);
		};
/* End PBXProject section */

/* Begin PBXResourcesBuildPhase section */
		6FABCD3229AD2087005B7471 /* Resources */ = {
			isa = PBXResourcesBuildPhase;
			buildActionMask = 2147483647;
			files = (
				6FABCD4429AD208B005B7471 /* LaunchScreen.storyboard in Resources */,
				6FABCD4129AD208B005B7471 /* Assets.xcassets in Resources */,
				6FABCD3F29AD2087005B7471 /* Main.storyboard in Resources */,
			);
			runOnlyForDeploymentPostprocessing = 0;
		};
		6FABCD4829AD208C005B7471 /* Resources */ = {
			isa = PBXResourcesBuildPhase;
			buildActionMask = 2147483647;
			files = (
			);
			runOnlyForDeploymentPostprocessing = 0;
		};
		6FABCD5229AD208D005B7471 /* Resources */ = {
			isa = PBXResourcesBuildPhase;
			buildActionMask = 2147483647;
			files = (
			);
			runOnlyForDeploymentPostprocessing = 0;
		};
/* End PBXResourcesBuildPhase section */

/* Begin PBXSourcesBuildPhase section */
		6FABCD3029AD2087005B7471 /* Sources */ = {
			isa = PBXSourcesBuildPhase;
			buildActionMask = 2147483647;
			files = (
				6FABCD3C29AD2087005B7471 /* ViewController.swift in Sources */,
				6FABCD3829AD2087005B7471 /* AppDelegate.swift in Sources */,
				6FABCD3A29AD2087005B7471 /* SceneDelegate.swift in Sources */,
			);
			runOnlyForDeploymentPostprocessing = 0;
		};
		6FABCD4629AD208C005B7471 /* Sources */ = {
			isa = PBXSourcesBuildPhase;
			buildActionMask = 2147483647;
			files = (
				6FABCD4F29AD208C005B7471 /* LoginTests.swift in Sources */,
			);
			runOnlyForDeploymentPostprocessing = 0;
		};
		6FABCD5029AD208D005B7471 /* Sources */ = {
			isa = PBXSourcesBuildPhase;
			buildActionMask = 2147483647;
			files = (
				6FABCD5B29AD208D005B7471 /* LoginUITestsLaunchTests.swift in Sources */,
				6FABCD5929AD208D005B7471 /* LoginUITests.swift in Sources */,
			);
			runOnlyForDeploymentPostprocessing = 0;
		};
/* End PBXSourcesBuildPhase section */

/* Begin PBXTargetDependency section */
		6FABCD4C29AD208C005B7471 /* PBXTargetDependency */ = {
			isa = PBXTargetDependency;
			target = 6FABCD3329AD2087005B7471 /* Login */;
			targetProxy = 6FABCD4B29AD208C005B7471 /* PBXContainerItemProxy */;
		};
		6FABCD5629AD208D005B7471 /* PBXTargetDependency */ = {
			isa = PBXTargetDependency;
			target = 6FABCD3329AD2087005B7471 /* Login */;
			targetProxy = 6FABCD5529AD208D005B7471 /* PBXContainerItemProxy */;
		};
/* End PBXTargetDependency section */

/* Begin PBXVariantGroup section */
		6FABCD3D29AD2087005B7471 /* Main.storyboard */ = {
			isa = PBXVariantGroup;
			children = (
				6FABCD3E29AD2087005B7471 /* Base */,
			);
			name = Main.storyboard;
			sourceTree = "<group>";
		};
		6FABCD4229AD208B005B7471 /* LaunchScreen.storyboard */ = {
			isa = PBXVariantGroup;
			children = (
				6FABCD4329AD208B005B7471 /* Base */,
			);
			name = LaunchScreen.storyboard;
			sourceTree = "<group>";
		};
/* End PBXVariantGroup section */

/* Begin XCBuildConfiguration section */
		6FABCD5C29AD208D005B7471 /* Debug */ = {
			isa = XCBuildConfiguration;
			buildSettings = {
				ALWAYS_SEARCH_USER_PATHS = NO;
				CLANG_ANALYZER_NONNULL = YES;
				CLANG_ANALYZER_NUMBER_OBJECT_CONVERSION = YES_AGGRESSIVE;
				CLANG_CXX_LANGUAGE_STANDARD = "gnu++20";
				CLANG_ENABLE_MODULES = YES;
				CLANG_ENABLE_OBJC_ARC = YES;
				CLANG_ENABLE_OBJC_WEAK = YES;
				CLANG_WARN_BLOCK_CAPTURE_AUTORELEASING = YES;
				CLANG_WARN_BOOL_CONVERSION = YES;
				CLANG_WARN_COMMA = YES;
				CLANG_WARN_CONSTANT_CONVERSION = YES;
				CLANG_WARN_DEPRECATED_OBJC_IMPLEMENTATIONS = YES;
				CLANG_WARN_DIRECT_OBJC_ISA_USAGE = YES_ERROR;
				CLANG_WARN_DOCUMENTATION_COMMENTS = YES;
				CLANG_WARN_EMPTY_BODY = YES;
				CLANG_WARN_ENUM_CONVERSION = YES;
				CLANG_WARN_INFINITE_RECURSION = YES;
				CLANG_WARN_INT_CONVERSION = YES;
				CLANG_WARN_NON_LITERAL_NULL_CONVERSION = YES;
				CLANG_WARN_OBJC_IMPLICIT_RETAIN_SELF = YES;
				CLANG_WARN_OBJC_LITERAL_CONVERSION = YES;
				CLANG_WARN_OBJC_ROOT_CLASS = YES_ERROR;
				CLANG_WARN_QUOTED_INCLUDE_IN_FRAMEWORK_HEADER = YES;
				CLANG_WARN_RANGE_LOOP_ANALYSIS = YES;
				CLANG_WARN_STRICT_PROTOTYPES = YES;
				CLANG_WARN_SUSPICIOUS_MOVE = YES;
				CLANG_WARN_UNGUARDED_AVAILABILITY = YES_AGGRESSIVE;
				CLANG_WARN_UNREACHABLE_CODE = YES;
				CLANG_WARN__DUPLICATE_METHOD_MATCH = YES;
				COPY_PHASE_STRIP = NO;
				DEBUG_INFORMATION_FORMAT = dwarf;
				ENABLE_STRICT_OBJC_MSGSEND = YES;
				ENABLE_TESTABILITY = YES;
				GCC_C_LANGUAGE_STANDARD = gnu11;
				GCC_DYNAMIC_NO_PIC = NO;
				GCC_NO_COMMON_BLOCKS = YES;
				GCC_OPTIMIZATION_LEVEL = 0;
				GCC_PREPROCESSOR_DEFINITIONS = (
					"DEBUG=1",
					"$(inherited)",
				);
				GCC_WARN_64_TO_32_BIT_CONVERSION = YES;
				GCC_WARN_ABOUT_RETURN_TYPE = YES_ERROR;
				GCC_WARN_UNDECLARED_SELECTOR = YES;
				GCC_WARN_UNINITIALIZED_AUTOS = YES_AGGRESSIVE;
				GCC_WARN_UNUSED_FUNCTION = YES;
				GCC_WARN_UNUSED_VARIABLE = YES;
				IPHONEOS_DEPLOYMENT_TARGET = 16.2;
				MTL_ENABLE_DEBUG_INFO = INCLUDE_SOURCE;
				MTL_FAST_MATH = YES;
				ONLY_ACTIVE_ARCH = YES;
				SDKROOT = iphoneos;
				SWIFT_ACTIVE_COMPILATION_CONDITIONS = DEBUG;
				SWIFT_OPTIMIZATION_LEVEL = "-Onone";
			};
			name = Debug;
		};
		6FABCD5D29AD208D005B7471 /* Release */ = {
			isa = XCBuildConfiguration;
			buildSettings = {
				ALWAYS_SEARCH_USER_PATHS = NO;
				CLANG_ANALYZER_NONNULL = YES;
				CLANG_ANALYZER_NUMBER_OBJECT_CONVERSION = YES_AGGRESSIVE;
				CLANG_CXX_LANGUAGE_STANDARD = "gnu++20";
				CLANG_ENABLE_MODULES = YES;
				CLANG_ENABLE_OBJC_ARC = YES;
				CLANG_ENABLE_OBJC_WEAK = YES;
				CLANG_WARN_BLOCK_CAPTURE_AUTORELEASING = YES;
				CLANG_WARN_BOOL_CONVERSION = YES;
				CLANG_WARN_COMMA = YES;
				CLANG_WARN_CONSTANT_CONVERSION = YES;
				CLANG_WARN_DEPRECATED_OBJC_IMPLEMENTATIONS = YES;
				CLANG_WARN_DIRECT_OBJC_ISA_USAGE = YES_ERROR;
				CLANG_WARN_DOCUMENTATION_COMMENTS = YES;
				CLANG_WARN_EMPTY_BODY = YES;
				CLANG_WARN_ENUM_CONVERSION = YES;
				CLANG_WARN_INFINITE_RECURSION = YES;
				CLANG_WARN_INT_CONVERSION = YES;
				CLANG_WARN_NON_LITERAL_NULL_CONVERSION = YES;
				CLANG_WARN_OBJC_IMPLICIT_RETAIN_SELF = YES;
				CLANG_WARN_OBJC_LITERAL_CONVERSION = YES;
				CLANG_WARN_OBJC_ROOT_CLASS = YES_ERROR;
				CLANG_WARN_QUOTED_INCLUDE_IN_FRAMEWORK_HEADER = YES;
				CLANG_WARN_RANGE_LOOP_ANALYSIS = YES;
				CLANG_WARN_STRICT_PROTOTYPES = YES;
				CLANG_WARN_SUSPICIOUS_MOVE = YES;
				CLANG_WARN_UNGUARDED_AVAILABILITY = YES_AGGRESSIVE;
				CLANG_WARN_UNREACHABLE_CODE = YES;
				CLANG_WARN__DUPLICATE_METHOD_MATCH = YES;
				COPY_PHASE_STRIP = NO;
				DEBUG_INFORMATION_FORMAT = "dwarf-with-dsym";
				ENABLE_NS_ASSERTIONS = NO;
				ENABLE_STRICT_OBJC_MSGSEND = YES;
				GCC_C_LANGUAGE_STANDARD = gnu11;
				GCC_NO_COMMON_BLOCKS = YES;
				GCC_WARN_64_TO_32_BIT_CONVERSION = YES;
				GCC_WARN_ABOUT_RETURN_TYPE = YES_ERROR;
				GCC_WARN_UNDECLARED_SELECTOR = YES;
				GCC_WARN_UNINITIALIZED_AUTOS = YES_AGGRESSIVE;
				GCC_WARN_UNUSED_FUNCTION = YES;
				GCC_WARN_UNUSED_VARIABLE = YES;
				IPHONEOS_DEPLOYMENT_TARGET = 16.2;
				MTL_ENABLE_DEBUG_INFO = NO;
				MTL_FAST_MATH = YES;
				SDKROOT = iphoneos;
				SWIFT_COMPILATION_MODE = wholemodule;
				SWIFT_OPTIMIZATION_LEVEL = "-O";
				VALIDATE_PRODUCT = YES;
			};
			name = Release;
		};
		6FABCD5F29AD208D005B7471 /* Debug */ = {
			isa = XCBuildConfiguration;
			buildSettings = {
				ASSETCATALOG_COMPILER_APPICON_NAME = AppIcon;
				ASSETCATALOG_COMPILER_GLOBAL_ACCENT_COLOR_NAME = AccentColor;
				CODE_SIGN_STYLE = Automatic;
				CURRENT_PROJECT_VERSION = 1;
				GENERATE_INFOPLIST_FILE = YES;
				INFOPLIST_FILE = Login/Info.plist;
				INFOPLIST_KEY_UIApplicationSupportsIndirectInputEvents = YES;
				INFOPLIST_KEY_UILaunchStoryboardName = LaunchScreen;
				INFOPLIST_KEY_UIMainStoryboardFile = Main;
				INFOPLIST_KEY_UISupportedInterfaceOrientations_iPad = "UIInterfaceOrientationPortrait UIInterfaceOrientationPortraitUpsideDown UIInterfaceOrientationLandscapeLeft UIInterfaceOrientationLandscapeRight";
				INFOPLIST_KEY_UISupportedInterfaceOrientations_iPhone = "UIInterfaceOrientationPortrait UIInterfaceOrientationLandscapeLeft UIInterfaceOrientationLandscapeRight";
				LD_RUNPATH_SEARCH_PATHS = (
					"$(inherited)",
					"@executable_path/Frameworks",
				);
				MARKETING_VERSION = 1.0;
				PRODUCT_BUNDLE_IDENTIFIER = com.SupercoolTeacher.Login;
				PRODUCT_NAME = "$(TARGET_NAME)";
				SWIFT_EMIT_LOC_STRINGS = YES;
				SWIFT_VERSION = 5.0;
				TARGETED_DEVICE_FAMILY = "1,2";
			};
			name = Debug;
		};
		6FABCD6029AD208D005B7471 /* Release */ = {
			isa = XCBuildConfiguration;
			buildSettings = {
				ASSETCATALOG_COMPILER_APPICON_NAME = AppIcon;
				ASSETCATALOG_COMPILER_GLOBAL_ACCENT_COLOR_NAME = AccentColor;
				CODE_SIGN_STYLE = Automatic;
				CURRENT_PROJECT_VERSION = 1;
				GENERATE_INFOPLIST_FILE = YES;
				INFOPLIST_FILE = Login/Info.plist;
				INFOPLIST_KEY_UIApplicationSupportsIndirectInputEvents = YES;
				INFOPLIST_KEY_UILaunchStoryboardName = LaunchScreen;
				INFOPLIST_KEY_UIMainStoryboardFile = Main;
				INFOPLIST_KEY_UISupportedInterfaceOrientations_iPad = "UIInterfaceOrientationPortrait UIInterfaceOrientationPortraitUpsideDown UIInterfaceOrientationLandscapeLeft UIInterfaceOrientationLandscapeRight";
				INFOPLIST_KEY_UISupportedInterfaceOrientations_iPhone = "UIInterfaceOrientationPortrait UIInterfaceOrientationLandscapeLeft UIInterfaceOrientationLandscapeRight";
				LD_RUNPATH_SEARCH_PATHS = (
					"$(inherited)",
					"@executable_path/Frameworks",
				);
				MARKETING_VERSION = 1.0;
				PRODUCT_BUNDLE_IDENTIFIER = com.SupercoolTeacher.Login;
				PRODUCT_NAME = "$(TARGET_NAME)";
				SWIFT_EMIT_LOC_STRINGS = YES;
				SWIFT_VERSION = 5.0;
				TARGETED_DEVICE_FAMILY = "1,2";
			};
			name = Release;
		};
		6FABCD6229AD208D005B7471 /* Debug */ = {
			isa = XCBuildConfiguration;
			buildSettings = {
				ALWAYS_EMBED_SWIFT_STANDARD_LIBRARIES = YES;
				BUNDLE_LOADER = "$(TEST_HOST)";
				CODE_SIGN_STYLE = Automatic;
				CURRENT_PROJECT_VERSION = 1;
				GENERATE_INFOPLIST_FILE = YES;
				IPHONEOS_DEPLOYMENT_TARGET = 16.2;
				MARKETING_VERSION = 1.0;
				PRODUCT_BUNDLE_IDENTIFIER = com.SupercoolTeacher.LoginTests;
				PRODUCT_NAME = "$(TARGET_NAME)";
				SWIFT_EMIT_LOC_STRINGS = NO;
				SWIFT_VERSION = 5.0;
				TARGETED_DEVICE_FAMILY = "1,2";
				TEST_HOST = "$(BUILT_PRODUCTS_DIR)/Login.app/$(BUNDLE_EXECUTABLE_FOLDER_PATH)/Login";
			};
			name = Debug;
		};
		6FABCD6329AD208D005B7471 /* Release */ = {
			isa = XCBuildConfiguration;
			buildSettings = {
				ALWAYS_EMBED_SWIFT_STANDARD_LIBRARIES = YES;
				BUNDLE_LOADER = "$(TEST_HOST)";
				CODE_SIGN_STYLE = Automatic;
				CURRENT_PROJECT_VERSION = 1;
				GENERATE_INFOPLIST_FILE = YES;
				IPHONEOS_DEPLOYMENT_TARGET = 16.2;
				MARKETING_VERSION = 1.0;
				PRODUCT_BUNDLE_IDENTIFIER = com.SupercoolTeacher.LoginTests;
				PRODUCT_NAME = "$(TARGET_NAME)";
				SWIFT_EMIT_LOC_STRINGS = NO;
				SWIFT_VERSION = 5.0;
				TARGETED_DEVICE_FAMILY = "1,2";
				TEST_HOST = "$(BUILT_PRODUCTS_DIR)/Login.app/$(BUNDLE_EXECUTABLE_FOLDER_PATH)/Login";
			};
			name = Release;
		};
		6FABCD6529AD208D005B7471 /* Debug */ = {
			isa = XCBuildConfiguration;
			buildSettings = {
				ALWAYS_EMBED_SWIFT_STANDARD_LIBRARIES = YES;
				CODE_SIGN_STYLE = Automatic;
				CURRENT_PROJECT_VERSION = 1;
				GENERATE_INFOPLIST_FILE = YES;
				MARKETING_VERSION = 1.0;
				PRODUCT_BUNDLE_IDENTIFIER = com.SupercoolTeacher.LoginUITests;
				PRODUCT_NAME = "$(TARGET_NAME)";
				SWIFT_EMIT_LOC_STRINGS = NO;
				SWIFT_VERSION = 5.0;
				TARGETED_DEVICE_FAMILY = "1,2";
				TEST_TARGET_NAME = Login;
			};
			name = Debug;
		};
		6FABCD6629AD208D005B7471 /* Release */ = {
			isa = XCBuildConfiguration;
			buildSettings = {
				ALWAYS_EMBED_SWIFT_STANDARD_LIBRARIES = YES;
				CODE_SIGN_STYLE = Automatic;
				CURRENT_PROJECT_VERSION = 1;
				GENERATE_INFOPLIST_FILE = YES;
				MARKETING_VERSION = 1.0;
				PRODUCT_BUNDLE_IDENTIFIER = com.SupercoolTeacher.LoginUITests;
				PRODUCT_NAME = "$(TARGET_NAME)";
				SWIFT_EMIT_LOC_STRINGS = NO;
				SWIFT_VERSION = 5.0;
				TARGETED_DEVICE_FAMILY = "1,2";
				TEST_TARGET_NAME = Login;
			};
			name = Release;
		};
/* End XCBuildConfiguration section */

/* Begin XCConfigurationList section */
		6FABCD2F29AD2087005B7471 /* Build configuration list for PBXProject "Login" */ = {
			isa = XCConfigurationList;
			buildConfigurations = (
				6FABCD5C29AD208D005B7471 /* Debug */,
				6FABCD5D29AD208D005B7471 /* Release */,
			);
			defaultConfigurationIsVisible = 0;
			defaultConfigurationName = Release;
		};
		6FABCD5E29AD208D005B7471 /* Build configuration list for PBXNativeTarget "Login" */ = {
			isa = XCConfigurationList;
			buildConfigurations = (
				6FABCD5F29AD208D005B7471 /* Debug */,
				6FABCD6029AD208D005B7471 /* Release */,
			);
			defaultConfigurationIsVisible = 0;
			defaultConfigurationName = Release;
		};
		6FABCD6129AD208D005B7471 /* Build configuration list for PBXNativeTarget "LoginTests" */ = {
			isa = XCConfigurationList;
			buildConfigurations = (
				6FABCD6229AD208D005B7471 /* Debug */,
				6FABCD6329AD208D005B7471 /* Release */,
			);
			defaultConfigurationIsVisible = 0;
			defaultConfigurationName = Release;
		};
		6FABCD6429AD208D005B7471 /* Build configuration list for PBXNativeTarget "LoginUITests" */ = {
			isa = XCConfigurationList;
			buildConfigurations = (
				6FABCD6529AD208D005B7471 /* Debug */,
				6FABCD6629AD208D005B7471 /* Release */,
			);
			defaultConfigurationIsVisible = 0;
			defaultConfigurationName = Release;
		};
/* End XCConfigurationList section */
	};
	rootObject = 6FABCD2C29AD2087005B7471 /* Project object */;
}
